// !$*UTF8*$!
{
	archiveVersion = 1;
	classes = {
	};
	objectVersion = 46;
	objects = {

/* Begin PBXBuildFile section */
		1E3C3B981B504422009DE6DA /* AppDelegate.swift in Sources */ = {isa = PBXBuildFile; fileRef = 1E3C3B971B504422009DE6DA /* AppDelegate.swift */; };
		1E3C3B9B1B504422009DE6DA /* DayTwo.xcdatamodeld in Sources */ = {isa = PBXBuildFile; fileRef = 1E3C3B991B504422009DE6DA /* DayTwo.xcdatamodeld */; };
		1E3C3B9D1B504422009DE6DA /* MasterViewController.swift in Sources */ = {isa = PBXBuildFile; fileRef = 1E3C3B9C1B504422009DE6DA /* MasterViewController.swift */; };
		1E3C3B9F1B504422009DE6DA /* DetailViewController.swift in Sources */ = {isa = PBXBuildFile; fileRef = 1E3C3B9E1B504422009DE6DA /* DetailViewController.swift */; };
		1E3C3BA21B504422009DE6DA /* Main.storyboard in Resources */ = {isa = PBXBuildFile; fileRef = 1E3C3BA01B504422009DE6DA /* Main.storyboard */; };
		1E3C3BA41B504422009DE6DA /* Assets.xcassets in Resources */ = {isa = PBXBuildFile; fileRef = 1E3C3BA31B504422009DE6DA /* Assets.xcassets */; };
		1E3C3BA71B504422009DE6DA /* LaunchScreen.storyboard in Resources */ = {isa = PBXBuildFile; fileRef = 1E3C3BA51B504422009DE6DA /* LaunchScreen.storyboard */; };
		1E3C3BB21B504422009DE6DA /* DayTwoTests.swift in Sources */ = {isa = PBXBuildFile; fileRef = 1E3C3BB11B504422009DE6DA /* DayTwoTests.swift */; };
		1E3C3BBD1B504422009DE6DA /* DayTwoUITests.swift in Sources */ = {isa = PBXBuildFile; fileRef = 1E3C3BBC1B504422009DE6DA /* DayTwoUITests.swift */; };
		1E3C3BCB1B50449C009DE6DA /* Entry.swift in Sources */ = {isa = PBXBuildFile; fileRef = 1E3C3BCA1B50449C009DE6DA /* Entry.swift */; };
/* End PBXBuildFile section */

/* Begin PBXContainerItemProxy section */
		1E3C3BAE1B504422009DE6DA /* PBXContainerItemProxy */ = {
			isa = PBXContainerItemProxy;
			containerPortal = 1E3C3B8C1B504422009DE6DA /* Project object */;
			proxyType = 1;
			remoteGlobalIDString = 1E3C3B931B504422009DE6DA;
			remoteInfo = DayTwo;
		};
		1E3C3BB91B504422009DE6DA /* PBXContainerItemProxy */ = {
			isa = PBXContainerItemProxy;
			containerPortal = 1E3C3B8C1B504422009DE6DA /* Project object */;
			proxyType = 1;
			remoteGlobalIDString = 1E3C3B931B504422009DE6DA;
			remoteInfo = DayTwo;
		};
/* End PBXContainerItemProxy section */

/* Begin PBXFileReference section */
		1E3C3B941B504422009DE6DA /* DayTwo.app */ = {isa = PBXFileReference; explicitFileType = wrapper.application; includeInIndex = 0; path = DayTwo.app; sourceTree = BUILT_PRODUCTS_DIR; };
		1E3C3B971B504422009DE6DA /* AppDelegate.swift */ = {isa = PBXFileReference; lastKnownFileType = sourcecode.swift; path = AppDelegate.swift; sourceTree = "<group>"; };
		1E3C3B9A1B504422009DE6DA /* DayTwo.xcdatamodel */ = {isa = PBXFileReference; lastKnownFileType = wrapper.xcdatamodel; path = DayTwo.xcdatamodel; sourceTree = "<group>"; };
		1E3C3B9C1B504422009DE6DA /* MasterViewController.swift */ = {isa = PBXFileReference; lastKnownFileType = sourcecode.swift; path = MasterViewController.swift; sourceTree = "<group>"; };
		1E3C3B9E1B504422009DE6DA /* DetailViewController.swift */ = {isa = PBXFileReference; lastKnownFileType = sourcecode.swift; path = DetailViewController.swift; sourceTree = "<group>"; };
		1E3C3BA11B504422009DE6DA /* Base */ = {isa = PBXFileReference; lastKnownFileType = file.storyboard; name = Base; path = Base.lproj/Main.storyboard; sourceTree = "<group>"; };
		1E3C3BA31B504422009DE6DA /* Assets.xcassets */ = {isa = PBXFileReference; lastKnownFileType = folder.assetcatalog; path = Assets.xcassets; sourceTree = "<group>"; };
		1E3C3BA61B504422009DE6DA /* Base */ = {isa = PBXFileReference; lastKnownFileType = file.storyboard; name = Base; path = Base.lproj/LaunchScreen.storyboard; sourceTree = "<group>"; };
		1E3C3BA81B504422009DE6DA /* Info.plist */ = {isa = PBXFileReference; lastKnownFileType = text.plist.xml; path = Info.plist; sourceTree = "<group>"; };
		1E3C3BAD1B504422009DE6DA /* DayTwoTests.xctest */ = {isa = PBXFileReference; explicitFileType = wrapper.cfbundle; includeInIndex = 0; path = DayTwoTests.xctest; sourceTree = BUILT_PRODUCTS_DIR; };
		1E3C3BB11B504422009DE6DA /* DayTwoTests.swift */ = {isa = PBXFileReference; lastKnownFileType = sourcecode.swift; path = DayTwoTests.swift; sourceTree = "<group>"; };
		1E3C3BB31B504422009DE6DA /* Info.plist */ = {isa = PBXFileReference; lastKnownFileType = text.plist.xml; path = Info.plist; sourceTree = "<group>"; };
		1E3C3BB81B504422009DE6DA /* DayTwoUITests.xctest */ = {isa = PBXFileReference; explicitFileType = wrapper.cfbundle; includeInIndex = 0; path = DayTwoUITests.xctest; sourceTree = BUILT_PRODUCTS_DIR; };
		1E3C3BBC1B504422009DE6DA /* DayTwoUITests.swift */ = {isa = PBXFileReference; lastKnownFileType = sourcecode.swift; path = DayTwoUITests.swift; sourceTree = "<group>"; };
		1E3C3BBE1B504422009DE6DA /* Info.plist */ = {isa = PBXFileReference; lastKnownFileType = text.plist.xml; path = Info.plist; sourceTree = "<group>"; };
		1E3C3BCA1B50449C009DE6DA /* Entry.swift */ = {isa = PBXFileReference; fileEncoding = 4; lastKnownFileType = sourcecode.swift; path = Entry.swift; sourceTree = "<group>"; };
/* End PBXFileReference section */

/* Begin PBXFrameworksBuildPhase section */
		1E3C3B911B504422009DE6DA /* Frameworks */ = {
			isa = PBXFrameworksBuildPhase;
			buildActionMask = 2147483647;
			files = (
			);
			runOnlyForDeploymentPostprocessing = 0;
		};
		1E3C3BAA1B504422009DE6DA /* Frameworks */ = {
			isa = PBXFrameworksBuildPhase;
			buildActionMask = 2147483647;
			files = (
			);
			runOnlyForDeploymentPostprocessing = 0;
		};
		1E3C3BB51B504422009DE6DA /* Frameworks */ = {
			isa = PBXFrameworksBuildPhase;
			buildActionMask = 2147483647;
			files = (
			);
			runOnlyForDeploymentPostprocessing = 0;
		};
/* End PBXFrameworksBuildPhase section */

/* Begin PBXGroup section */
		1E3C3B8B1B504422009DE6DA = {
			isa = PBXGroup;
			children = (
				1E3C3B961B504422009DE6DA /* DayTwo */,
				1E3C3BB01B504422009DE6DA /* DayTwoTests */,
				1E3C3BBB1B504422009DE6DA /* DayTwoUITests */,
				1E3C3B951B504422009DE6DA /* Products */,
			);
			sourceTree = "<group>";
		};
		1E3C3B951B504422009DE6DA /* Products */ = {
			isa = PBXGroup;
			children = (
				1E3C3B941B504422009DE6DA /* DayTwo.app */,
				1E3C3BAD1B504422009DE6DA /* DayTwoTests.xctest */,
				1E3C3BB81B504422009DE6DA /* DayTwoUITests.xctest */,
			);
			name = Products;
			sourceTree = "<group>";
		};
		1E3C3B961B504422009DE6DA /* DayTwo */ = {
			isa = PBXGroup;
			children = (
				1E3C3B971B504422009DE6DA /* AppDelegate.swift */,
				1E3C3B9C1B504422009DE6DA /* MasterViewController.swift */,
				1E3C3B9E1B504422009DE6DA /* DetailViewController.swift */,
				1E3C3BA01B504422009DE6DA /* Main.storyboard */,
				1E3C3BA31B504422009DE6DA /* Assets.xcassets */,
				1E3C3BA51B504422009DE6DA /* LaunchScreen.storyboard */,
				1E3C3BA81B504422009DE6DA /* Info.plist */,
				1E3C3B991B504422009DE6DA /* DayTwo.xcdatamodeld */,
				1E3C3BCA1B50449C009DE6DA /* Entry.swift */,
			);
			path = DayTwo;
			sourceTree = "<group>";
		};
		1E3C3BB01B504422009DE6DA /* DayTwoTests */ = {
			isa = PBXGroup;
			children = (
				1E3C3BB11B504422009DE6DA /* DayTwoTests.swift */,
				1E3C3BB31B504422009DE6DA /* Info.plist */,
			);
			path = DayTwoTests;
			sourceTree = "<group>";
		};
		1E3C3BBB1B504422009DE6DA /* DayTwoUITests */ = {
			isa = PBXGroup;
			children = (
				1E3C3BBC1B504422009DE6DA /* DayTwoUITests.swift */,
				1E3C3BBE1B504422009DE6DA /* Info.plist */,
			);
			path = DayTwoUITests;
			sourceTree = "<group>";
		};
/* End PBXGroup section */

/* Begin PBXNativeTarget section */
		1E3C3B931B504422009DE6DA /* DayTwo */ = {
			isa = PBXNativeTarget;
			buildConfigurationList = 1E3C3BC11B504422009DE6DA /* Build configuration list for PBXNativeTarget "DayTwo" */;
			buildPhases = (
				1E3C3B901B504422009DE6DA /* Sources */,
				1E3C3B911B504422009DE6DA /* Frameworks */,
				1E3C3B921B504422009DE6DA /* Resources */,
			);
			buildRules = (
			);
			dependencies = (
			);
			name = DayTwo;
			productName = DayTwo;
			productReference = 1E3C3B941B504422009DE6DA /* DayTwo.app */;
			productType = "com.apple.product-type.application";
		};
		1E3C3BAC1B504422009DE6DA /* DayTwoTests */ = {
			isa = PBXNativeTarget;
			buildConfigurationList = 1E3C3BC41B504422009DE6DA /* Build configuration list for PBXNativeTarget "DayTwoTests" */;
			buildPhases = (
				1E3C3BA91B504422009DE6DA /* Sources */,
				1E3C3BAA1B504422009DE6DA /* Frameworks */,
				1E3C3BAB1B504422009DE6DA /* Resources */,
			);
			buildRules = (
			);
			dependencies = (
				1E3C3BAF1B504422009DE6DA /* PBXTargetDependency */,
			);
			name = DayTwoTests;
			productName = DayTwoTests;
			productReference = 1E3C3BAD1B504422009DE6DA /* DayTwoTests.xctest */;
			productType = "com.apple.product-type.bundle.unit-test";
		};
		1E3C3BB71B504422009DE6DA /* DayTwoUITests */ = {
			isa = PBXNativeTarget;
			buildConfigurationList = 1E3C3BC71B504422009DE6DA /* Build configuration list for PBXNativeTarget "DayTwoUITests" */;
			buildPhases = (
				1E3C3BB41B504422009DE6DA /* Sources */,
				1E3C3BB51B504422009DE6DA /* Frameworks */,
				1E3C3BB61B504422009DE6DA /* Resources */,
			);
			buildRules = (
			);
			dependencies = (
				1E3C3BBA1B504422009DE6DA /* PBXTargetDependency */,
			);
			name = DayTwoUITests;
			productName = DayTwoUITests;
			productReference = 1E3C3BB81B504422009DE6DA /* DayTwoUITests.xctest */;
			productType = "com.apple.product-type.bundle.ui-testing";
		};
/* End PBXNativeTarget section */

/* Begin PBXProject section */
		1E3C3B8C1B504422009DE6DA /* Project object */ = {
			isa = PBXProject;
			attributes = {
				LastUpgradeCheck = 0700;
				ORGANIZATIONNAME = Heartbit;
				TargetAttributes = {
					1E3C3B931B504422009DE6DA = {
						CreatedOnToolsVersion = 7.0;
					};
					1E3C3BAC1B504422009DE6DA = {
						CreatedOnToolsVersion = 7.0;
						TestTargetID = 1E3C3B931B504422009DE6DA;
					};
					1E3C3BB71B504422009DE6DA = {
						CreatedOnToolsVersion = 7.0;
						TestTargetID = 1E3C3B931B504422009DE6DA;
					};
				};
			};
			buildConfigurationList = 1E3C3B8F1B504422009DE6DA /* Build configuration list for PBXProject "DayTwo" */;
			compatibilityVersion = "Xcode 3.2";
			developmentRegion = English;
			hasScannedForEncodings = 0;
			knownRegions = (
				en,
				Base,
			);
			mainGroup = 1E3C3B8B1B504422009DE6DA;
			productRefGroup = 1E3C3B951B504422009DE6DA /* Products */;
			projectDirPath = "";
			projectRoot = "";
			targets = (
				1E3C3B931B504422009DE6DA /* DayTwo */,
				1E3C3BAC1B504422009DE6DA /* DayTwoTests */,
				1E3C3BB71B504422009DE6DA /* DayTwoUITests */,
			);
		};
/* End PBXProject section */

/* Begin PBXResourcesBuildPhase section */
		1E3C3B921B504422009DE6DA /* Resources */ = {
			isa = PBXResourcesBuildPhase;
			buildActionMask = 2147483647;
			files = (
				1E3C3BA71B504422009DE6DA /* LaunchScreen.storyboard in Resources */,
				1E3C3BA41B504422009DE6DA /* Assets.xcassets in Resources */,
				1E3C3BA21B504422009DE6DA /* Main.storyboard in Resources */,
			);
			runOnlyForDeploymentPostprocessing = 0;
		};
		1E3C3BAB1B504422009DE6DA /* Resources */ = {
			isa = PBXResourcesBuildPhase;
			buildActionMask = 2147483647;
			files = (
			);
			runOnlyForDeploymentPostprocessing = 0;
		};
		1E3C3BB61B504422009DE6DA /* Resources */ = {
			isa = PBXResourcesBuildPhase;
			buildActionMask = 2147483647;
			files = (
			);
			runOnlyForDeploymentPostprocessing = 0;
		};
/* End PBXResourcesBuildPhase section */

/* Begin PBXSourcesBuildPhase section */
		1E3C3B901B504422009DE6DA /* Sources */ = {
			isa = PBXSourcesBuildPhase;
			buildActionMask = 2147483647;
			files = (
				1E3C3BCB1B50449C009DE6DA /* Entry.swift in Sources */,
				1E3C3B981B504422009DE6DA /* AppDelegate.swift in Sources */,
				1E3C3B9B1B504422009DE6DA /* DayTwo.xcdatamodeld in Sources */,
				1E3C3B9D1B504422009DE6DA /* MasterViewController.swift in Sources */,
				1E3C3B9F1B504422009DE6DA /* DetailViewController.swift in Sources */,
			);
			runOnlyForDeploymentPostprocessing = 0;
		};
		1E3C3BA91B504422009DE6DA /* Sources */ = {
			isa = PBXSourcesBuildPhase;
			buildActionMask = 2147483647;
			files = (
				1E3C3BB21B504422009DE6DA /* DayTwoTests.swift in Sources */,
			);
			runOnlyForDeploymentPostprocessing = 0;
		};
		1E3C3BB41B504422009DE6DA /* Sources */ = {
			isa = PBXSourcesBuildPhase;
			buildActionMask = 2147483647;
			files = (
				1E3C3BBD1B504422009DE6DA /* DayTwoUITests.swift in Sources */,
			);
			runOnlyForDeploymentPostprocessing = 0;
		};
/* End PBXSourcesBuildPhase section */

/* Begin PBXTargetDependency section */
		1E3C3BAF1B504422009DE6DA /* PBXTargetDependency */ = {
			isa = PBXTargetDependency;
			target = 1E3C3B931B504422009DE6DA /* DayTwo */;
			targetProxy = 1E3C3BAE1B504422009DE6DA /* PBXContainerItemProxy */;
		};
		1E3C3BBA1B504422009DE6DA /* PBXTargetDependency */ = {
			isa = PBXTargetDependency;
			target = 1E3C3B931B504422009DE6DA /* DayTwo */;
			targetProxy = 1E3C3BB91B504422009DE6DA /* PBXContainerItemProxy */;
		};
/* End PBXTargetDependency section */

/* Begin PBXVariantGroup section */
		1E3C3BA01B504422009DE6DA /* Main.storyboard */ = {
			isa = PBXVariantGroup;
			children = (
				1E3C3BA11B504422009DE6DA /* Base */,
			);
			name = Main.storyboard;
			sourceTree = "<group>";
		};
		1E3C3BA51B504422009DE6DA /* LaunchScreen.storyboard */ = {
			isa = PBXVariantGroup;
			children = (
				1E3C3BA61B504422009DE6DA /* Base */,
			);
			name = LaunchScreen.storyboard;
			sourceTree = "<group>";
		};
/* End PBXVariantGroup section */

/* Begin XCBuildConfiguration section */
		1E3C3BBF1B504422009DE6DA /* Debug */ = {
			isa = XCBuildConfiguration;
			buildSettings = {
				ALWAYS_SEARCH_USER_PATHS = NO;
				CLANG_CXX_LANGUAGE_STANDARD = "gnu++0x";
				CLANG_CXX_LIBRARY = "libc++";
				CLANG_ENABLE_MODULES = YES;
				CLANG_ENABLE_OBJC_ARC = YES;
				CLANG_WARN_BOOL_CONVERSION = YES;
				CLANG_WARN_CONSTANT_CONVERSION = YES;
				CLANG_WARN_DIRECT_OBJC_ISA_USAGE = YES_ERROR;
				CLANG_WARN_EMPTY_BODY = YES;
				CLANG_WARN_ENUM_CONVERSION = YES;
				CLANG_WARN_INT_CONVERSION = YES;
				CLANG_WARN_OBJC_ROOT_CLASS = YES_ERROR;
				CLANG_WARN_UNREACHABLE_CODE = YES;
				CLANG_WARN__DUPLICATE_METHOD_MATCH = YES;
				"CODE_SIGN_IDENTITY[sdk=iphoneos*]" = "iPhone Developer";
				COPY_PHASE_STRIP = NO;
				DEBUG_INFORMATION_FORMAT = dwarf;
				ENABLE_STRICT_OBJC_MSGSEND = YES;
				ENABLE_TESTABILITY = YES;
				GCC_C_LANGUAGE_STANDARD = gnu99;
				GCC_DYNAMIC_NO_PIC = NO;
				GCC_NO_COMMON_BLOCKS = YES;
				GCC_OPTIMIZATION_LEVEL = 0;
				GCC_PREPROCESSOR_DEFINITIONS = (
					"DEBUG=1",
					"$(inherited)",
				);
				GCC_WARN_64_TO_32_BIT_CONVERSION = YES;
				GCC_WARN_ABOUT_RETURN_TYPE = YES_ERROR;
				GCC_WARN_UNDECLARED_SELECTOR = YES;
				GCC_WARN_UNINITIALIZED_AUTOS = YES_AGGRESSIVE;
				GCC_WARN_UNUSED_FUNCTION = YES;
				GCC_WARN_UNUSED_VARIABLE = YES;
				IPHONEOS_DEPLOYMENT_TARGET = 9.0;
				MTL_ENABLE_DEBUG_INFO = YES;
				ONLY_ACTIVE_ARCH = YES;
				SDKROOT = iphoneos;
				SWIFT_OPTIMIZATION_LEVEL = "-Onone";
				TARGETED_DEVICE_FAMILY = "1,2";
			};
			name = Debug;
		};
		1E3C3BC01B504422009DE6DA /* Release */ = {
			isa = XCBuildConfiguration;
			buildSettings = {
				ALWAYS_SEARCH_USER_PATHS = NO;
				CLANG_CXX_LANGUAGE_STANDARD = "gnu++0x";
				CLANG_CXX_LIBRARY = "libc++";
				CLANG_ENABLE_MODULES = YES;
				CLANG_ENABLE_OBJC_ARC = YES;
				CLANG_WARN_BOOL_CONVERSION = YES;
				CLANG_WARN_CONSTANT_CONVERSION = YES;
				CLANG_WARN_DIRECT_OBJC_ISA_USAGE = YES_ERROR;
				CLANG_WARN_EMPTY_BODY = YES;
				CLANG_WARN_ENUM_CONVERSION = YES;
				CLANG_WARN_INT_CONVERSION = YES;
				CLANG_WARN_OBJC_ROOT_CLASS = YES_ERROR;
				CLANG_WARN_UNREACHABLE_CODE = YES;
				CLANG_WARN__DUPLICATE_METHOD_MATCH = YES;
				"CODE_SIGN_IDENTITY[sdk=iphoneos*]" = "iPhone Developer";
				COPY_PHASE_STRIP = NO;
				DEBUG_INFORMATION_FORMAT = "dwarf-with-dsym";
				ENABLE_NS_ASSERTIONS = NO;
				ENABLE_STRICT_OBJC_MSGSEND = YES;
				GCC_C_LANGUAGE_STANDARD = gnu99;
				GCC_NO_COMMON_BLOCKS = YES;
				GCC_WARN_64_TO_32_BIT_CONVERSION = YES;
				GCC_WARN_ABOUT_RETURN_TYPE = YES_ERROR;
				GCC_WARN_UNDECLARED_SELECTOR = YES;
				GCC_WARN_UNINITIALIZED_AUTOS = YES_AGGRESSIVE;
				GCC_WARN_UNUSED_FUNCTION = YES;
				GCC_WARN_UNUSED_VARIABLE = YES;
				IPHONEOS_DEPLOYMENT_TARGET = 9.0;
				MTL_ENABLE_DEBUG_INFO = NO;
				SDKROOT = iphoneos;
				TARGETED_DEVICE_FAMILY = "1,2";
				VALIDATE_PRODUCT = YES;
			};
			name = Release;
		};
		1E3C3BC21B504422009DE6DA /* Debug */ = {
			isa = XCBuildConfiguration;
			buildSettings = {
				ASSETCATALOG_COMPILER_APPICON_NAME = AppIcon;
				INFOPLIST_FILE = DayTwo/Info.plist;
				LD_RUNPATH_SEARCH_PATHS = "$(inherited) @executable_path/Frameworks";
				PRODUCT_BUNDLE_IDENTIFIER = us.heartbit.DayTwo;
				PRODUCT_NAME = "$(TARGET_NAME)";
			};
			name = Debug;
		};
		1E3C3BC31B504422009DE6DA /* Release */ = {
			isa = XCBuildConfiguration;
			buildSettings = {
				ASSETCATALOG_COMPILER_APPICON_NAME = AppIcon;
				INFOPLIST_FILE = DayTwo/Info.plist;
				LD_RUNPATH_SEARCH_PATHS = "$(inherited) @executable_path/Frameworks";
				PRODUCT_BUNDLE_IDENTIFIER = us.heartbit.DayTwo;
				PRODUCT_NAME = "$(TARGET_NAME)";
			};
			name = Release;
		};
		1E3C3BC51B504422009DE6DA /* Debug */ = {
			isa = XCBuildConfiguration;
			buildSettings = {
				BUNDLE_LOADER = "$(TEST_HOST)";
				INFOPLIST_FILE = DayTwoTests/Info.plist;
				LD_RUNPATH_SEARCH_PATHS = "$(inherited) @executable_path/Frameworks @loader_path/Frameworks";
				PRODUCT_BUNDLE_IDENTIFIER = us.heartbit.DayTwoTests;
				PRODUCT_NAME = "$(TARGET_NAME)";
				TEST_HOST = "$(BUILT_PRODUCTS_DIR)/DayTwo.app/DayTwo";
			};
			name = Debug;
		};
		1E3C3BC61B504422009DE6DA /* Release */ = {
			isa = XCBuildConfiguration;
			buildSettings = {
				BUNDLE_LOADER = "$(TEST_HOST)";
				INFOPLIST_FILE = DayTwoTests/Info.plist;
				LD_RUNPATH_SEARCH_PATHS = "$(inherited) @executable_path/Frameworks @loader_path/Frameworks";
				PRODUCT_BUNDLE_IDENTIFIER = us.heartbit.DayTwoTests;
				PRODUCT_NAME = "$(TARGET_NAME)";
				TEST_HOST = "$(BUILT_PRODUCTS_DIR)/DayTwo.app/DayTwo";
			};
			name = Release;
		};
		1E3C3BC81B504422009DE6DA /* Debug */ = {
			isa = XCBuildConfiguration;
			buildSettings = {
				INFOPLIST_FILE = DayTwoUITests/Info.plist;
				LD_RUNPATH_SEARCH_PATHS = "$(inherited) @executable_path/Frameworks @loader_path/Frameworks";
				PRODUCT_BUNDLE_IDENTIFIER = us.heartbit.DayTwoUITests;
				PRODUCT_NAME = "$(TARGET_NAME)";
				TEST_TARGET_NAME = DayTwo;
				USES_XCTRUNNER = YES;
			};
			name = Debug;
		};
		1E3C3BC91B504422009DE6DA /* Release */ = {
			isa = XCBuildConfiguration;
			buildSettings = {
				INFOPLIST_FILE = DayTwoUITests/Info.plist;
				LD_RUNPATH_SEARCH_PATHS = "$(inherited) @executable_path/Frameworks @loader_path/Frameworks";
				PRODUCT_BUNDLE_IDENTIFIER = us.heartbit.DayTwoUITests;
				PRODUCT_NAME = "$(TARGET_NAME)";
				TEST_TARGET_NAME = DayTwo;
				USES_XCTRUNNER = YES;
			};
			name = Release;
		};
/* End XCBuildConfiguration section */

/* Begin XCConfigurationList section */
		1E3C3B8F1B504422009DE6DA /* Build configuration list for PBXProject "DayTwo" */ = {
			isa = XCConfigurationList;
			buildConfigurations = (
				1E3C3BBF1B504422009DE6DA /* Debug */,
				1E3C3BC01B504422009DE6DA /* Release */,
			);
			defaultConfigurationIsVisible = 0;
			defaultConfigurationName = Release;
		};
		1E3C3BC11B504422009DE6DA /* Build configuration list for PBXNativeTarget "DayTwo" */ = {
			isa = XCConfigurationList;
			buildConfigurations = (
				1E3C3BC21B504422009DE6DA /* Debug */,
				1E3C3BC31B504422009DE6DA /* Release */,
			);
			defaultConfigurationIsVisible = 0;
		};
		1E3C3BC41B504422009DE6DA /* Build configuration list for PBXNativeTarget "DayTwoTests" */ = {
			isa = XCConfigurationList;
			buildConfigurations = (
				1E3C3BC51B504422009DE6DA /* Debug */,
				1E3C3BC61B504422009DE6DA /* Release */,
			);
			defaultConfigurationIsVisible = 0;
		};
		1E3C3BC71B504422009DE6DA /* Build configuration list for PBXNativeTarget "DayTwoUITests" */ = {
			isa = XCConfigurationList;
			buildConfigurations = (
				1E3C3BC81B504422009DE6DA /* Debug */,
				1E3C3BC91B504422009DE6DA /* Release */,
			);
			defaultConfigurationIsVisible = 0;
		};
/* End XCConfigurationList section */

/* Begin XCVersionGroup section */
		1E3C3B991B504422009DE6DA /* DayTwo.xcdatamodeld */ = {
			isa = XCVersionGroup;
			children = (
				1E3C3B9A1B504422009DE6DA /* DayTwo.xcdatamodel */,
			);
			currentVersion = 1E3C3B9A1B504422009DE6DA /* DayTwo.xcdatamodel */;
			path = DayTwo.xcdatamodeld;
			sourceTree = "<group>";
			versionGroupType = wrapper.xcdatamodel;
		};
/* End XCVersionGroup section */
	};
	rootObject = 1E3C3B8C1B504422009DE6DA /* Project object */;
}
